
Microsoft Visual Studio Solution File, Format Version 12.00
# Visual Studio Version 17
VisualStudioVersion = 17.9.34622.214
MinimumVisualStudioVersion = 10.0.40219.1
Project("{9A19103F-16F7-4668-BE54-9A1E7A4F7556}") = "armaradio", "armaradio\armaradio.csproj", "{54DAD51B-0B68-4FD5-AEA3-465AEB6A8F2E}"
EndProject
Project("{9A19103F-16F7-4668-BE54-9A1E7A4F7556}") = "armaradio_ops", "armaradio_ops\armaradio_ops.csproj", "{868ADB36-C987-4659-9ECD-FF0D89DA155D}"
EndProject
Project("{9A19103F-16F7-4668-BE54-9A1E7A4F7556}") = "arma_miner", "arma_miner\arma_miner.csproj", "{512EE815-3CB1-4678-B8F1-069C0DD6C774}"
EndProject
Project("{9A19103F-16F7-4668-BE54-9A1E7A4F7556}") = "armaradioSongsAlike", "armaradioSongsAlike\armaradioSongsAlike.csproj", "{88E33244-6BBD-49BE-BE99-D1150586A2CF}"
EndProject
Project("{9A19103F-16F7-4668-BE54-9A1E7A4F7556}") = "armaoffline", "armaoffline\armaoffline.csproj", "{3983311C-295E-4CB2-918A-8806CA773986}"
EndProject
Project("{9A19103F-16F7-4668-BE54-9A1E7A4F7556}") = "arma_historycompiler", "arma_historycompiler\arma_historycompiler.csproj", "{128DB6F0-6167-4FA8-8284-1F808ABDD28E}"
EndProject
Project("{FAE04EC0-301F-11D3-BF4B-00C04F79EFBC}") = "arma_genregenerator", "arma_genregenerator\arma_genregenerator.csproj", "{6EBCE9FD-321A-4252-916E-CD539F1226FE}"
EndProject
Global
	GlobalSection(SolutionConfigurationPlatforms) = preSolution
		Debug|Any CPU = Debug|Any CPU
		Release|Any CPU = Release|Any CPU
	EndGlobalSection
	GlobalSection(ProjectConfigurationPlatforms) = postSolution
		{54DAD51B-0B68-4FD5-AEA3-465AEB6A8F2E}.Debug|Any CPU.ActiveCfg = Debug|Any CPU
		{54DAD51B-0B68-4FD5-AEA3-465AEB6A8F2E}.Debug|Any CPU.Build.0 = Debug|Any CPU
		{54DAD51B-0B68-4FD5-AEA3-465AEB6A8F2E}.Release|Any CPU.ActiveCfg = Release|Any CPU
		{54DAD51B-0B68-4FD5-AEA3-465AEB6A8F2E}.Release|Any CPU.Build.0 = Release|Any CPU
		{868ADB36-C987-4659-9ECD-FF0D89DA155D}.Debug|Any CPU.ActiveCfg = Debug|Any CPU
		{868ADB36-C987-4659-9ECD-FF0D89DA155D}.Debug|Any CPU.Build.0 = Debug|Any CPU
		{868ADB36-C987-4659-9ECD-FF0D89DA155D}.Release|Any CPU.ActiveCfg = Release|Any CPU
		{868ADB36-C987-4659-9ECD-FF0D89DA155D}.Release|Any CPU.Build.0 = Release|Any CPU
		{512EE815-3CB1-4678-B8F1-069C0DD6C774}.Debug|Any CPU.ActiveCfg = Debug|Any CPU
		{512EE815-3CB1-4678-B8F1-069C0DD6C774}.Debug|Any CPU.Build.0 = Debug|Any CPU
		{512EE815-3CB1-4678-B8F1-069C0DD6C774}.Release|Any CPU.ActiveCfg = Release|Any CPU
		{512EE815-3CB1-4678-B8F1-069C0DD6C774}.Release|Any CPU.Build.0 = Release|Any CPU
		{88E33244-6BBD-49BE-BE99-D1150586A2CF}.Debug|Any CPU.ActiveCfg = Debug|Any CPU
		{88E33244-6BBD-49BE-BE99-D1150586A2CF}.Debug|Any CPU.Build.0 = Debug|Any CPU
		{88E33244-6BBD-49BE-BE99-D1150586A2CF}.Release|Any CPU.ActiveCfg = Release|Any CPU
		{88E33244-6BBD-49BE-BE99-D1150586A2CF}.Release|Any CPU.Build.0 = Release|Any CPU
		{3983311C-295E-4CB2-918A-8806CA773986}.Debug|Any CPU.ActiveCfg = Debug|Any CPU
		{3983311C-295E-4CB2-918A-8806CA773986}.Debug|Any CPU.Build.0 = Debug|Any CPU
		{3983311C-295E-4CB2-918A-8806CA773986}.Debug|Any CPU.Deploy.0 = Debug|Any CPU
		{3983311C-295E-4CB2-918A-8806CA773986}.Release|Any CPU.ActiveCfg = Release|Any CPU
		{3983311C-295E-4CB2-918A-8806CA773986}.Release|Any CPU.Build.0 = Release|Any CPU
		{3983311C-295E-4CB2-918A-8806CA773986}.Release|Any CPU.Deploy.0 = Release|Any CPU
		{128DB6F0-6167-4FA8-8284-1F808ABDD28E}.Debug|Any CPU.ActiveCfg = Debug|Any CPU
		{128DB6F0-6167-4FA8-8284-1F808ABDD28E}.Debug|Any CPU.Build.0 = Debug|Any CPU
		{128DB6F0-6167-4FA8-8284-1F808ABDD28E}.Release|Any CPU.ActiveCfg = Release|Any CPU
		{128DB6F0-6167-4FA8-8284-1F808ABDD28E}.Release|Any CPU.Build.0 = Release|Any CPU
		{6EBCE9FD-321A-4252-916E-CD539F1226FE}.Debug|Any CPU.ActiveCfg = Debug|Any CPU
		{6EBCE9FD-321A-4252-916E-CD539F1226FE}.Debug|Any CPU.Build.0 = Debug|Any CPU
		{6EBCE9FD-321A-4252-916E-CD539F1226FE}.Release|Any CPU.ActiveCfg = Release|Any CPU
		{6EBCE9FD-321A-4252-916E-CD539F1226FE}.Release|Any CPU.Build.0 = Release|Any CPU
	EndGlobalSection
	GlobalSection(SolutionProperties) = preSolution
		HideSolutionNode = FALSE
	EndGlobalSection
	GlobalSection(ExtensibilityGlobals) = postSolution
		SolutionGuid = {518E5A1E-4B9E-4492-BCB2-60879686838F}
	EndGlobalSection
EndGlobal
